
Microsoft Visual Studio Solution File, Format Version 12.00
# Visual Studio 14
VisualStudioVersion = 14.0.25420.1
MinimumVisualStudioVersion = 10.0.40219.1
Project("{FAE04EC0-301F-11D3-BF4B-00C04F79EFBC}") = "Belatrix.Connect.Portable", "Belatrix.Connect.Portable\Belatrix.Connect.Portable\Belatrix.Connect.Portable.csproj", "{C1DFCD3F-5C07-4CE5-80C8-AA51F6473BFB}"
EndProject
Project("{FAE04EC0-301F-11D3-BF4B-00C04F79EFBC}") = "Belatrix.Connect.Portable.Droid", "Belatrix.Connect.Portable\Belatrix.Connect.Portable.Droid\Belatrix.Connect.Portable.Droid.csproj", "{C447046C-803D-44D2-9B5D-7D90603052A8}"
EndProject
Project("{FAE04EC0-301F-11D3-BF4B-00C04F79EFBC}") = "Belatrix.Connect.Portable.iOS", "Belatrix.Connect.Portable\Belatrix.Connect.Portable.iOS\Belatrix.Connect.Portable.iOS.csproj", "{5862AB9A-6D26-4817-A28A-499C9167E7AE}"
EndProject
Project("{FAE04EC0-301F-11D3-BF4B-00C04F79EFBC}") = "Belatrix.Connect.Core", "Belatrix.Connect.Core\Belatrix.Connect.Core.csproj", "{67F9D3A8-F71E-4428-913F-C37AE82CDB24}"
EndProject
Global
	GlobalSection(SolutionConfigurationPlatforms) = preSolution
		Ad-Hoc|Any CPU = Ad-Hoc|Any CPU
		Ad-Hoc|iPhone = Ad-Hoc|iPhone
		Ad-Hoc|iPhoneSimulator = Ad-Hoc|iPhoneSimulator
		AppStore|Any CPU = AppStore|Any CPU
		AppStore|iPhone = AppStore|iPhone
		AppStore|iPhoneSimulator = AppStore|iPhoneSimulator
		Debug|Any CPU = Debug|Any CPU
		Debug|iPhone = Debug|iPhone
		Debug|iPhoneSimulator = Debug|iPhoneSimulator
		Release|Any CPU = Release|Any CPU
		Release|iPhone = Release|iPhone
		Release|iPhoneSimulator = Release|iPhoneSimulator
	EndGlobalSection
	GlobalSection(ProjectConfigurationPlatforms) = postSolution
		{C1DFCD3F-5C07-4CE5-80C8-AA51F6473BFB}.Ad-Hoc|Any CPU.ActiveCfg = Release|Any CPU
		{C1DFCD3F-5C07-4CE5-80C8-AA51F6473BFB}.Ad-Hoc|Any CPU.Build.0 = Release|Any CPU
		{C1DFCD3F-5C07-4CE5-80C8-AA51F6473BFB}.Ad-Hoc|iPhone.ActiveCfg = Release|Any CPU
		{C1DFCD3F-5C07-4CE5-80C8-AA51F6473BFB}.Ad-Hoc|iPhone.Build.0 = Release|Any CPU
		{C1DFCD3F-5C07-4CE5-80C8-AA51F6473BFB}.Ad-Hoc|iPhoneSimulator.ActiveCfg = Release|Any CPU
		{C1DFCD3F-5C07-4CE5-80C8-AA51F6473BFB}.Ad-Hoc|iPhoneSimulator.Build.0 = Release|Any CPU
		{C1DFCD3F-5C07-4CE5-80C8-AA51F6473BFB}.AppStore|Any CPU.ActiveCfg = Release|Any CPU
		{C1DFCD3F-5C07-4CE5-80C8-AA51F6473BFB}.AppStore|Any CPU.Build.0 = Release|Any CPU
		{C1DFCD3F-5C07-4CE5-80C8-AA51F6473BFB}.AppStore|iPhone.ActiveCfg = Release|Any CPU
		{C1DFCD3F-5C07-4CE5-80C8-AA51F6473BFB}.AppStore|iPhone.Build.0 = Release|Any CPU
		{C1DFCD3F-5C07-4CE5-80C8-AA51F6473BFB}.AppStore|iPhoneSimulator.ActiveCfg = Release|Any CPU
		{C1DFCD3F-5C07-4CE5-80C8-AA51F6473BFB}.AppStore|iPhoneSimulator.Build.0 = Release|Any CPU
		{C1DFCD3F-5C07-4CE5-80C8-AA51F6473BFB}.Debug|Any CPU.ActiveCfg = Debug|Any CPU
		{C1DFCD3F-5C07-4CE5-80C8-AA51F6473BFB}.Debug|Any CPU.Build.0 = Debug|Any CPU
		{C1DFCD3F-5C07-4CE5-80C8-AA51F6473BFB}.Debug|iPhone.ActiveCfg = Debug|Any CPU
		{C1DFCD3F-5C07-4CE5-80C8-AA51F6473BFB}.Debug|iPhone.Build.0 = Debug|Any CPU
		{C1DFCD3F-5C07-4CE5-80C8-AA51F6473BFB}.Debug|iPhoneSimulator.ActiveCfg = Debug|Any CPU
		{C1DFCD3F-5C07-4CE5-80C8-AA51F6473BFB}.Debug|iPhoneSimulator.Build.0 = Debug|Any CPU
		{C1DFCD3F-5C07-4CE5-80C8-AA51F6473BFB}.Release|Any CPU.ActiveCfg = Release|Any CPU
		{C1DFCD3F-5C07-4CE5-80C8-AA51F6473BFB}.Release|Any CPU.Build.0 = Release|Any CPU
		{C1DFCD3F-5C07-4CE5-80C8-AA51F6473BFB}.Release|iPhone.ActiveCfg = Release|Any CPU
		{C1DFCD3F-5C07-4CE5-80C8-AA51F6473BFB}.Release|iPhone.Build.0 = Release|Any CPU
		{C1DFCD3F-5C07-4CE5-80C8-AA51F6473BFB}.Release|iPhoneSimulator.ActiveCfg = Release|Any CPU
		{C1DFCD3F-5C07-4CE5-80C8-AA51F6473BFB}.Release|iPhoneSimulator.Build.0 = Release|Any CPU
		{C447046C-803D-44D2-9B5D-7D90603052A8}.Ad-Hoc|Any CPU.ActiveCfg = Release|Any CPU
		{C447046C-803D-44D2-9B5D-7D90603052A8}.Ad-Hoc|Any CPU.Build.0 = Release|Any CPU
		{C447046C-803D-44D2-9B5D-7D90603052A8}.Ad-Hoc|Any CPU.Deploy.0 = Release|Any CPU
		{C447046C-803D-44D2-9B5D-7D90603052A8}.Ad-Hoc|iPhone.ActiveCfg = Release|Any CPU
		{C447046C-803D-44D2-9B5D-7D90603052A8}.Ad-Hoc|iPhone.Build.0 = Release|Any CPU
		{C447046C-803D-44D2-9B5D-7D90603052A8}.Ad-Hoc|iPhone.Deploy.0 = Release|Any CPU
		{C447046C-803D-44D2-9B5D-7D90603052A8}.Ad-Hoc|iPhoneSimulator.ActiveCfg = Release|Any CPU
		{C447046C-803D-44D2-9B5D-7D90603052A8}.Ad-Hoc|iPhoneSimulator.Build.0 = Release|Any CPU
		{C447046C-803D-44D2-9B5D-7D90603052A8}.Ad-Hoc|iPhoneSimulator.Deploy.0 = Release|Any CPU
		{C447046C-803D-44D2-9B5D-7D90603052A8}.AppStore|Any CPU.ActiveCfg = Release|Any CPU
		{C447046C-803D-44D2-9B5D-7D90603052A8}.AppStore|Any CPU.Build.0 = Release|Any CPU
		{C447046C-803D-44D2-9B5D-7D90603052A8}.AppStore|Any CPU.Deploy.0 = Release|Any CPU
		{C447046C-803D-44D2-9B5D-7D90603052A8}.AppStore|iPhone.ActiveCfg = Release|Any CPU
		{C447046C-803D-44D2-9B5D-7D90603052A8}.AppStore|iPhone.Build.0 = Release|Any CPU
		{C447046C-803D-44D2-9B5D-7D90603052A8}.AppStore|iPhone.Deploy.0 = Release|Any CPU
		{C447046C-803D-44D2-9B5D-7D90603052A8}.AppStore|iPhoneSimulator.ActiveCfg = Release|Any CPU
		{C447046C-803D-44D2-9B5D-7D90603052A8}.AppStore|iPhoneSimulator.Build.0 = Release|Any CPU
		{C447046C-803D-44D2-9B5D-7D90603052A8}.AppStore|iPhoneSimulator.Deploy.0 = Release|Any CPU
		{C447046C-803D-44D2-9B5D-7D90603052A8}.Debug|Any CPU.ActiveCfg = Debug|Any CPU
		{C447046C-803D-44D2-9B5D-7D90603052A8}.Debug|Any CPU.Build.0 = Debug|Any CPU
		{C447046C-803D-44D2-9B5D-7D90603052A8}.Debug|Any CPU.Deploy.0 = Debug|Any CPU
		{C447046C-803D-44D2-9B5D-7D90603052A8}.Debug|iPhone.ActiveCfg = Debug|Any CPU
		{C447046C-803D-44D2-9B5D-7D90603052A8}.Debug|iPhone.Build.0 = Debug|Any CPU
		{C447046C-803D-44D2-9B5D-7D90603052A8}.Debug|iPhone.Deploy.0 = Debug|Any CPU
		{C447046C-803D-44D2-9B5D-7D90603052A8}.Debug|iPhoneSimulator.ActiveCfg = Debug|Any CPU
		{C447046C-803D-44D2-9B5D-7D90603052A8}.Debug|iPhoneSimulator.Build.0 = Debug|Any CPU
		{C447046C-803D-44D2-9B5D-7D90603052A8}.Debug|iPhoneSimulator.Deploy.0 = Debug|Any CPU
		{C447046C-803D-44D2-9B5D-7D90603052A8}.Release|Any CPU.ActiveCfg = Release|Any CPU
		{C447046C-803D-44D2-9B5D-7D90603052A8}.Release|Any CPU.Build.0 = Release|Any CPU
		{C447046C-803D-44D2-9B5D-7D90603052A8}.Release|Any CPU.Deploy.0 = Release|Any CPU
		{C447046C-803D-44D2-9B5D-7D90603052A8}.Release|iPhone.ActiveCfg = Release|Any CPU
		{C447046C-803D-44D2-9B5D-7D90603052A8}.Release|iPhone.Build.0 = Release|Any CPU
		{C447046C-803D-44D2-9B5D-7D90603052A8}.Release|iPhone.Deploy.0 = Release|Any CPU
		{C447046C-803D-44D2-9B5D-7D90603052A8}.Release|iPhoneSimulator.ActiveCfg = Release|Any CPU
		{C447046C-803D-44D2-9B5D-7D90603052A8}.Release|iPhoneSimulator.Build.0 = Release|Any CPU
		{C447046C-803D-44D2-9B5D-7D90603052A8}.Release|iPhoneSimulator.Deploy.0 = Release|Any CPU
		{5862AB9A-6D26-4817-A28A-499C9167E7AE}.Ad-Hoc|Any CPU.ActiveCfg = Ad-Hoc|iPhone
		{5862AB9A-6D26-4817-A28A-499C9167E7AE}.Ad-Hoc|iPhone.ActiveCfg = Ad-Hoc|iPhone
		{5862AB9A-6D26-4817-A28A-499C9167E7AE}.Ad-Hoc|iPhone.Build.0 = Ad-Hoc|iPhone
		{5862AB9A-6D26-4817-A28A-499C9167E7AE}.Ad-Hoc|iPhoneSimulator.ActiveCfg = Ad-Hoc|iPhoneSimulator
		{5862AB9A-6D26-4817-A28A-499C9167E7AE}.Ad-Hoc|iPhoneSimulator.Build.0 = Ad-Hoc|iPhoneSimulator
		{5862AB9A-6D26-4817-A28A-499C9167E7AE}.AppStore|Any CPU.ActiveCfg = AppStore|iPhone
		{5862AB9A-6D26-4817-A28A-499C9167E7AE}.AppStore|iPhone.ActiveCfg = AppStore|iPhone
		{5862AB9A-6D26-4817-A28A-499C9167E7AE}.AppStore|iPhone.Build.0 = AppStore|iPhone
		{5862AB9A-6D26-4817-A28A-499C9167E7AE}.AppStore|iPhoneSimulator.ActiveCfg = AppStore|iPhoneSimulator
		{5862AB9A-6D26-4817-A28A-499C9167E7AE}.AppStore|iPhoneSimulator.Build.0 = AppStore|iPhoneSimulator
		{5862AB9A-6D26-4817-A28A-499C9167E7AE}.Debug|Any CPU.ActiveCfg = Debug|iPhone
		{5862AB9A-6D26-4817-A28A-499C9167E7AE}.Debug|iPhone.ActiveCfg = Debug|iPhone
		{5862AB9A-6D26-4817-A28A-499C9167E7AE}.Debug|iPhone.Build.0 = Debug|iPhone
		{5862AB9A-6D26-4817-A28A-499C9167E7AE}.Debug|iPhoneSimulator.ActiveCfg = Debug|iPhoneSimulator
		{5862AB9A-6D26-4817-A28A-499C9167E7AE}.Debug|iPhoneSimulator.Build.0 = Debug|iPhoneSimulator
		{5862AB9A-6D26-4817-A28A-499C9167E7AE}.Release|Any CPU.ActiveCfg = Release|iPhone
		{5862AB9A-6D26-4817-A28A-499C9167E7AE}.Release|iPhone.ActiveCfg = Release|iPhone
		{5862AB9A-6D26-4817-A28A-499C9167E7AE}.Release|iPhone.Build.0 = Release|iPhone
		{5862AB9A-6D26-4817-A28A-499C9167E7AE}.Release|iPhoneSimulator.ActiveCfg = Release|iPhoneSimulator
		{5862AB9A-6D26-4817-A28A-499C9167E7AE}.Release|iPhoneSimulator.Build.0 = Release|iPhoneSimulator
		{67F9D3A8-F71E-4428-913F-C37AE82CDB24}.Ad-Hoc|Any CPU.ActiveCfg = Release|Any CPU
		{67F9D3A8-F71E-4428-913F-C37AE82CDB24}.Ad-Hoc|Any CPU.Build.0 = Release|Any CPU
		{67F9D3A8-F71E-4428-913F-C37AE82CDB24}.Ad-Hoc|iPhone.ActiveCfg = Release|Any CPU
		{67F9D3A8-F71E-4428-913F-C37AE82CDB24}.Ad-Hoc|iPhone.Build.0 = Release|Any CPU
		{67F9D3A8-F71E-4428-913F-C37AE82CDB24}.Ad-Hoc|iPhoneSimulator.ActiveCfg = Release|Any CPU
		{67F9D3A8-F71E-4428-913F-C37AE82CDB24}.Ad-Hoc|iPhoneSimulator.Build.0 = Release|Any CPU
		{67F9D3A8-F71E-4428-913F-C37AE82CDB24}.AppStore|Any CPU.ActiveCfg = Release|Any CPU
		{67F9D3A8-F71E-4428-913F-C37AE82CDB24}.AppStore|Any CPU.Build.0 = Release|Any CPU
		{67F9D3A8-F71E-4428-913F-C37AE82CDB24}.AppStore|iPhone.ActiveCfg = Release|Any CPU
		{67F9D3A8-F71E-4428-913F-C37AE82CDB24}.AppStore|iPhone.Build.0 = Release|Any CPU
		{67F9D3A8-F71E-4428-913F-C37AE82CDB24}.AppStore|iPhoneSimulator.ActiveCfg = Release|Any CPU
		{67F9D3A8-F71E-4428-913F-C37AE82CDB24}.AppStore|iPhoneSimulator.Build.0 = Release|Any CPU
		{67F9D3A8-F71E-4428-913F-C37AE82CDB24}.Debug|Any CPU.ActiveCfg = Debug|Any CPU
		{67F9D3A8-F71E-4428-913F-C37AE82CDB24}.Debug|Any CPU.Build.0 = Debug|Any CPU
		{67F9D3A8-F71E-4428-913F-C37AE82CDB24}.Debug|iPhone.ActiveCfg = Debug|Any CPU
		{67F9D3A8-F71E-4428-913F-C37AE82CDB24}.Debug|iPhone.Build.0 = Debug|Any CPU
		{67F9D3A8-F71E-4428-913F-C37AE82CDB24}.Debug|iPhoneSimulator.ActiveCfg = Debug|Any CPU
		{67F9D3A8-F71E-4428-913F-C37AE82CDB24}.Debug|iPhoneSimulator.Build.0 = Debug|Any CPU
		{67F9D3A8-F71E-4428-913F-C37AE82CDB24}.Release|Any CPU.ActiveCfg = Release|Any CPU
		{67F9D3A8-F71E-4428-913F-C37AE82CDB24}.Release|Any CPU.Build.0 = Release|Any CPU
		{67F9D3A8-F71E-4428-913F-C37AE82CDB24}.Release|iPhone.ActiveCfg = Release|Any CPU
		{67F9D3A8-F71E-4428-913F-C37AE82CDB24}.Release|iPhone.Build.0 = Release|Any CPU
		{67F9D3A8-F71E-4428-913F-C37AE82CDB24}.Release|iPhoneSimulator.ActiveCfg = Release|Any CPU
		{67F9D3A8-F71E-4428-913F-C37AE82CDB24}.Release|iPhoneSimulator.Build.0 = Release|Any CPU
	EndGlobalSection
	GlobalSection(SolutionProperties) = preSolution
		HideSolutionNode = FALSE
	EndGlobalSection
EndGlobal
